
Microsoft Visual Studio Solution File, Format Version 12.00
# Visual Studio 2013
VisualStudioVersion = 12.0.21005.1
MinimumVisualStudioVersion = 10.0.40219.1
Project("{FAE04EC0-301F-11D3-BF4B-00C04F79EFBC}") = "proj_10", "proj_10\proj_10.csproj", "{06A02745-53A5-4B2C-A5F3-08B57FA1A95D}"
EndProject
Global
	GlobalSection(SolutionConfigurationPlatforms) = preSolution
		Debug|Any CPU = Debug|Any CPU
		Release|Any CPU = Release|Any CPU
	EndGlobalSection
	GlobalSection(ProjectConfigurationPlatforms) = postSolution
		{06A02745-53A5-4B2C-A5F3-08B57FA1A95D}.Debug|Any CPU.ActiveCfg = Debug|Any CPU
		{06A02745-53A5-4B2C-A5F3-08B57FA1A95D}.Debug|Any CPU.Build.0 = Debug|Any CPU
		{06A02745-53A5-4B2C-A5F3-08B57FA1A95D}.Release|Any CPU.ActiveCfg = Release|Any CPU
		{06A02745-53A5-4B2C-A5F3-08B57FA1A95D}.Release|Any CPU.Build.0 = Release|Any CPU
	EndGlobalSection
	GlobalSection(SolutionProperties) = preSolution
		HideSolutionNode = FALSE
	EndGlobalSection
EndGlobal
